lockfileVersion: '6.0'

settings:
  autoInstallPeers: true
  excludeLinksFromLockfile: false

dependencies:
  p5:
    specifier: ^1.9.0
    version: 1.9.0

packages:

  /p5@1.9.0:
    resolution: {integrity: sha512-+5/hz0ZokCDf7BMMAeemE7FIo7gFZK7ImL62acHLXZwerGjqj+171bnaAWj4aCFCx6fwysAr2U7/AKuPyPhehA==}
    dev: false
